{
  "nodes": {
    "nixpkgs": {
      "locked": {
        "lastModified": 1734465796,
        "narHash": "sha256-ErxK8YV3BN5IlDaXafqjOMjOluSpkDbe/AdEyo3mnDg=",
        "owner": "nixos",
        "repo": "nixpkgs",
        "rev": "2e9e582f93c56602a3c0f187f631cbee3621f51c",
        "type": "github"
      },
      "original": {
        "owner": "nixos",
        "ref": "nixos-24.11",
        "repo": "nixpkgs",
        "type": "github"
      }
    },
    "root": {
      "inputs": {
        "nixpkgs": "nixpkgs",
        "rust-overlay": "rust-overlay"
      }
    },
    "rust-overlay": {
      "inputs": {
        "nixpkgs": [
          "nixpkgs"
        ]
      },
      "locked": {
        "lastModified": 1734661750,
        "narHash": "sha256-BI58NBdimxu1lnpOrG9XxBz7Cwqy+qIf99zunWofX5w=",
        "owner": "oxalica",
        "repo": "rust-overlay",
        "rev": "7d3d910d5fd575e6e8c5600d83d54e5c47273bfe",
        "type": "github"
      },
      "original": {
        "owner": "oxalica",
        "repo": "rust-overlay",
        "type": "github"
      }
    }
  },
  "root": "root",
  "version": 7
}
